
Microsoft Visual Studio Solution File, Format Version 12.00
# Visual Studio Version 17
VisualStudioVersion = 17.14.36511.14 d17.14
MinimumVisualStudioVersion = 10.0.40219.1
Project("{FAE04EC0-301F-11D3-BF4B-00C04F79EFBC}") = "ConsoleApplication", "ConsoleApplication\ConsoleApplication.csproj", "{35F5677E-9905-4C6C-A1F2-995B55742375}"
EndProject
Project("{FAE04EC0-301F-11D3-BF4B-00C04F79EFBC}") = "Common", "Common\Common.csproj", "{F0897479-A815-4A44-BFA2-6BCD2B174464}"
EndProject
Project("{FAE04EC0-301F-11D3-BF4B-00C04F79EFBC}") = "Tests", "Tests\Tests.csproj", "{26B40E3A-5D8A-4C0A-AD15-857139DE09A1}"
EndProject
Global
	GlobalSection(SolutionConfigurationPlatforms) = preSolution
		Debug|Any CPU = Debug|Any CPU
		Release|Any CPU = Release|Any CPU
	EndGlobalSection
	GlobalSection(ProjectConfigurationPlatforms) = postSolution
		{35F5677E-9905-4C6C-A1F2-995B55742375}.Debug|Any CPU.ActiveCfg = Debug|Any CPU
		{35F5677E-9905-4C6C-A1F2-995B55742375}.Debug|Any CPU.Build.0 = Debug|Any CPU
		{35F5677E-9905-4C6C-A1F2-995B55742375}.Release|Any CPU.ActiveCfg = Release|Any CPU
		{35F5677E-9905-4C6C-A1F2-995B55742375}.Release|Any CPU.Build.0 = Release|Any CPU
		{F0897479-A815-4A44-BFA2-6BCD2B174464}.Debug|Any CPU.ActiveCfg = Debug|Any CPU
		{F0897479-A815-4A44-BFA2-6BCD2B174464}.Debug|Any CPU.Build.0 = Debug|Any CPU
		{F0897479-A815-4A44-BFA2-6BCD2B174464}.Release|Any CPU.ActiveCfg = Release|Any CPU
		{F0897479-A815-4A44-BFA2-6BCD2B174464}.Release|Any CPU.Build.0 = Release|Any CPU
		{26B40E3A-5D8A-4C0A-AD15-857139DE09A1}.Debug|Any CPU.ActiveCfg = Debug|Any CPU
		{26B40E3A-5D8A-4C0A-AD15-857139DE09A1}.Debug|Any CPU.Build.0 = Debug|Any CPU
		{26B40E3A-5D8A-4C0A-AD15-857139DE09A1}.Release|Any CPU.ActiveCfg = Release|Any CPU
		{26B40E3A-5D8A-4C0A-AD15-857139DE09A1}.Release|Any CPU.Build.0 = Release|Any CPU
	EndGlobalSection
	GlobalSection(SolutionProperties) = preSolution
		HideSolutionNode = FALSE
	EndGlobalSection
	GlobalSection(ExtensibilityGlobals) = postSolution
		SolutionGuid = {DE40D052-17A4-4BD1-804D-435A3B047DBF}
	EndGlobalSection
EndGlobal
